
Microsoft Visual Studio Solution File, Format Version 12.00
# Visual Studio Version 17
VisualStudioVersion = 17.11.35312.102
MinimumVisualStudioVersion = 10.0.40219.1
Project("{9A19103F-16F7-4668-BE54-9A1E7A4F7556}") = "WinBackgroundWorker", "WinBackgroundWorker\WinBackgroundWorker.csproj", "{C6A18AFD-9074-44A7-B548-A07AC05F6FA2}"
EndProject
Project("{FAE04EC0-301F-11D3-BF4B-00C04F79EFBC}") = "WinAsynchDelegate", "WinAsynchDelegate\WinAsynchDelegate.csproj", "{9032FCFD-F1E7-448C-A10B-D633DEC0122D}"
EndProject
Project("{2150E333-8FDC-42A3-9474-1A3956D46DE8}") = "Solution Items", "Solution Items", "{E94A6437-C013-493E-BCCB-3DA91B87F83F}"
	ProjectSection(SolutionItems) = preProject
		.editorconfig = .editorconfig
	EndProjectSection
EndProject
Project("{FAE04EC0-301F-11D3-BF4B-00C04F79EFBC}") = "WinAsynchMethod", "WinAsynchMethod\WinAsynchMethod.csproj", "{F6DC0BBB-7A4C-4432-B988-FE8B640A88A9}"
EndProject
Global
	GlobalSection(SolutionConfigurationPlatforms) = preSolution
		Debug|Any CPU = Debug|Any CPU
		Release|Any CPU = Release|Any CPU
	EndGlobalSection
	GlobalSection(ProjectConfigurationPlatforms) = postSolution
		{C6A18AFD-9074-44A7-B548-A07AC05F6FA2}.Debug|Any CPU.ActiveCfg = Debug|Any CPU
		{C6A18AFD-9074-44A7-B548-A07AC05F6FA2}.Debug|Any CPU.Build.0 = Debug|Any CPU
		{C6A18AFD-9074-44A7-B548-A07AC05F6FA2}.Release|Any CPU.ActiveCfg = Release|Any CPU
		{C6A18AFD-9074-44A7-B548-A07AC05F6FA2}.Release|Any CPU.Build.0 = Release|Any CPU
		{9032FCFD-F1E7-448C-A10B-D633DEC0122D}.Debug|Any CPU.ActiveCfg = Debug|Any CPU
		{9032FCFD-F1E7-448C-A10B-D633DEC0122D}.Debug|Any CPU.Build.0 = Debug|Any CPU
		{9032FCFD-F1E7-448C-A10B-D633DEC0122D}.Release|Any CPU.ActiveCfg = Release|Any CPU
		{9032FCFD-F1E7-448C-A10B-D633DEC0122D}.Release|Any CPU.Build.0 = Release|Any CPU
		{F6DC0BBB-7A4C-4432-B988-FE8B640A88A9}.Debug|Any CPU.ActiveCfg = Debug|Any CPU
		{F6DC0BBB-7A4C-4432-B988-FE8B640A88A9}.Debug|Any CPU.Build.0 = Debug|Any CPU
		{F6DC0BBB-7A4C-4432-B988-FE8B640A88A9}.Release|Any CPU.ActiveCfg = Release|Any CPU
		{F6DC0BBB-7A4C-4432-B988-FE8B640A88A9}.Release|Any CPU.Build.0 = Release|Any CPU
	EndGlobalSection
	GlobalSection(SolutionProperties) = preSolution
		HideSolutionNode = FALSE
	EndGlobalSection
	GlobalSection(ExtensibilityGlobals) = postSolution
		SolutionGuid = {1329D68E-A120-44F8-AB62-839BC281AA1A}
	EndGlobalSection
EndGlobal
